<?xml version="1.0" encoding="utf-8"?>
<Project ToolsVersion="4.0" xmlns="http://schemas.microsoft.com/developer/msbuild/2003">
  <ItemGroup>
    <Filter Include="Source Files">
      <UniqueIdentifier>{4FC737F1-C7A5-4376-A066-2A32D752A2FF}</UniqueIdentifier>
      <Extensions>cpp;c;cc;cxx;def;odl;idl;hpj;bat;asm;asmx</Extensions>
    </Filter>
    <Filter Include="Header Files">
      <UniqueIdentifier>{93995380-89BD-4b04-88EB-625FBE52EBFB}</UniqueIdentifier>
      <Extensions>h;hh;hpp;hxx;hm;inl;inc;xsd</Extensions>
    </Filter>
    <Filter Include="Resource Files">
      <UniqueIdentifier>{67DA6AB6-F800-4c08-8B7A-83BB121AAD01}</UniqueIdentifier>
      <Extensions>rc;ico;cur;bmp;dlg;rc2;rct;bin;rgs;gif;jpg;jpeg;jpe;resx;tiff;tif;png;wav;mfcribbon-ms</Extensions>
    </Filter>
  </ItemGroup>
  <ItemGroup>
    <ClCompile Include="main.cpp">
      <Filter>Source Files</Filter>
    </ClCompile>
    <ClCompile Include="krLIB\Console.cpp">
      <Filter>Source Files</Filter>
    </ClCompile>
    <ClCompile Include="krLIB\Exception.cpp">
      <Filter>Source Files</Filter>
    </ClCompile>
    <ClCompile Include="krLIB\List.cpp">
      <Filter>Source Files</Filter>
    </ClCompile>
    <ClCompile Include="krLIB\Map.cpp">
      <Filter>Source Files</Filter>
    </ClCompile>
    <ClCompile Include="krLIB\MultiMap.cpp">
      <Filter>Source Files</Filter>
    </ClCompile>
    <ClCompile Include="krLIB\Queue.cpp">
      <Filter>Source Files</Filter>
    </ClCompile>
    <ClCompile Include="krLIB\RedBlackTree.cpp">
      <Filter>Source Files</Filter>
    </ClCompile>
    <ClCompile Include="krLIB\Stack.cpp">
      <Filter>Source Files</Filter>
    </ClCompile>
    <ClCompile Include="krLIB\String.cpp">
      <Filter>Source Files</Filter>
    </ClCompile>
    <ClCompile Include="krLIB\Vector.cpp">
      <Filter>Source Files</Filter>
    </ClCompile>
    <ClCompile Include="Value.cpp">
      <Filter>Source Files</Filter>
    </ClCompile>
    <ClCompile Include="Operation.cpp">
      <Filter>Source Files</Filter>
    </ClCompile>
  </ItemGroup>
  <ItemGroup>
    <ClInclude Include="krLIB\Console.h">
      <Filter>Header Files</Filter>
    </ClInclude>
    <ClInclude Include="krLIB\Exception.h">
      <Filter>Header Files</Filter>
    </ClInclude>
    <ClInclude Include="krLIB\List.h">
      <Filter>Header Files</Filter>
    </ClInclude>
    <ClInclude Include="krLIB\Map.h">
      <Filter>Header Files</Filter>
    </ClInclude>
    <ClInclude Include="krLIB\MultiMap.h">
      <Filter>Header Files</Filter>
    </ClInclude>
    <ClInclude Include="krLIB\Queue.h">
      <Filter>Header Files</Filter>
    </ClInclude>
    <ClInclude Include="krLIB\RedBlackTree.h">
      <Filter>Header Files</Filter>
    </ClInclude>
    <ClInclude Include="krLIB\Stack.h">
      <Filter>Header Files</Filter>
    </ClInclude>
    <ClInclude Include="krLIB\String.h">
      <Filter>Header Files</Filter>
    </ClInclude>
    <ClInclude Include="krLIB\Vector.h">
      <Filter>Header Files</Filter>
    </ClInclude>
    <ClInclude Include="Value.h">
      <Filter>Header Files</Filter>
    </ClInclude>
    <ClInclude Include="Operation.h">
      <Filter>Header Files</Filter>
    </ClInclude>
  </ItemGroup>
  <ItemGroup>
    <Text Include="testy_aisd_projekt_2.txt" />
  </ItemGroup>
</Project>